
Microsoft Visual Studio Solution File, Format Version 12.00
# Visual Studio Version 16
VisualStudioVersion = 16.0.28917.181
MinimumVisualStudioVersion = 10.0.40219.1
Project("{FAE04EC0-301F-11D3-BF4B-00C04F79EFBC}") = "QUANLYPHONGHOC", "QUANLYPHONGHOC\QUANLYPHONGHOC.csproj", "{C7330655-1601-4A68-A650-FC03E11B6334}"
EndProject
Global
	GlobalSection(SolutionConfigurationPlatforms) = preSolution
		Debug|Any CPU = Debug|Any CPU
		Release|Any CPU = Release|Any CPU
	EndGlobalSection
	GlobalSection(ProjectConfigurationPlatforms) = postSolution
		{C7330655-1601-4A68-A650-FC03E11B6334}.Debug|Any CPU.ActiveCfg = Debug|Any CPU
		{C7330655-1601-4A68-A650-FC03E11B6334}.Debug|Any CPU.Build.0 = Debug|Any CPU
		{C7330655-1601-4A68-A650-FC03E11B6334}.Release|Any CPU.ActiveCfg = Release|Any CPU
		{C7330655-1601-4A68-A650-FC03E11B6334}.Release|Any CPU.Build.0 = Release|Any CPU
	EndGlobalSection
	GlobalSection(SolutionProperties) = preSolution
		HideSolutionNode = FALSE
	EndGlobalSection
	GlobalSection(ExtensibilityGlobals) = postSolution
		SolutionGuid = {D1B9C38A-D381-47C7-B5CA-8AD0F2D1A61E}
	EndGlobalSection
EndGlobal
